// !$*UTF8*$!
{
	archiveVersion = 1;
	classes = {
	};
	objectVersion = 55;
	objects = {

/* Begin PBXBuildFile section */
		01F45A8455CA6EF4DAD41CB8 /* Pods_PixaBay.framework in Frameworks */ = {isa = PBXBuildFile; fileRef = 6EF26C94009F9C55DA47B86F /* Pods_PixaBay.framework */; };
		A98E2CF9289D582200C1FE9F /* AppDelegate.swift in Sources */ = {isa = PBXBuildFile; fileRef = A98E2CF8289D582200C1FE9F /* AppDelegate.swift */; };
		A98E2CFB289D582200C1FE9F /* SceneDelegate.swift in Sources */ = {isa = PBXBuildFile; fileRef = A98E2CFA289D582200C1FE9F /* SceneDelegate.swift */; };
		A98E2CFD289D582200C1FE9F /* ViewController.swift in Sources */ = {isa = PBXBuildFile; fileRef = A98E2CFC289D582200C1FE9F /* ViewController.swift */; };
		A98E2D00289D582200C1FE9F /* Main.storyboard in Resources */ = {isa = PBXBuildFile; fileRef = A98E2CFE289D582200C1FE9F /* Main.storyboard */; };
		A98E2D02289D582300C1FE9F /* Assets.xcassets in Resources */ = {isa = PBXBuildFile; fileRef = A98E2D01289D582300C1FE9F /* Assets.xcassets */; };
		A98E2D05289D582300C1FE9F /* LaunchScreen.storyboard in Resources */ = {isa = PBXBuildFile; fileRef = A98E2D03289D582300C1FE9F /* LaunchScreen.storyboard */; };
		A98E2D10289D596100C1FE9F /* RegistrationViewController.swift in Sources */ = {isa = PBXBuildFile; fileRef = A98E2D0F289D596100C1FE9F /* RegistrationViewController.swift */; };
		A98E2D12289D596B00C1FE9F /* RegistrationViewModel.swift in Sources */ = {isa = PBXBuildFile; fileRef = A98E2D11289D596B00C1FE9F /* RegistrationViewModel.swift */; };
		A98E2D16289D5A3400C1FE9F /* AppDIContainer.swift in Sources */ = {isa = PBXBuildFile; fileRef = A98E2D15289D5A3400C1FE9F /* AppDIContainer.swift */; };
		A98E2D1A289D5B7500C1FE9F /* RegistrationUseCase.swift in Sources */ = {isa = PBXBuildFile; fileRef = A98E2D19289D5B7500C1FE9F /* RegistrationUseCase.swift */; };
		A98E2D1E289D5BDB00C1FE9F /* RegistrationRepository.swift in Sources */ = {isa = PBXBuildFile; fileRef = A98E2D1D289D5BDB00C1FE9F /* RegistrationRepository.swift */; };
		A98E2D22289D5C7600C1FE9F /* APIEndpoints.swift in Sources */ = {isa = PBXBuildFile; fileRef = A98E2D21289D5C7600C1FE9F /* APIEndpoints.swift */; };
		A98E2D25289D5CB300C1FE9F /* DefaultRegistrationRepository.swift in Sources */ = {isa = PBXBuildFile; fileRef = A98E2D24289D5CB300C1FE9F /* DefaultRegistrationRepository.swift */; };
		A98E2D27289D628C00C1FE9F /* AppFlowCoordinator.swift in Sources */ = {isa = PBXBuildFile; fileRef = A98E2D26289D628C00C1FE9F /* AppFlowCoordinator.swift */; };
		A98E2D29289D62EA00C1FE9F /* RegistrationDIContainer.swift in Sources */ = {isa = PBXBuildFile; fileRef = A98E2D28289D62EA00C1FE9F /* RegistrationDIContainer.swift */; };
		A98E2D2C289D630400C1FE9F /* RegistrationFlowCoordinatorDependencies.swift in Sources */ = {isa = PBXBuildFile; fileRef = A98E2D2B289D630400C1FE9F /* RegistrationFlowCoordinatorDependencies.swift */; };
/* End PBXBuildFile section */

/* Begin PBXFileReference section */
		05625C41B2D4FBD59245D889 /* Pods-PixaBay.debug.xcconfig */ = {isa = PBXFileReference; includeInIndex = 1; lastKnownFileType = text.xcconfig; name = "Pods-PixaBay.debug.xcconfig"; path = "Target Support Files/Pods-PixaBay/Pods-PixaBay.debug.xcconfig"; sourceTree = "<group>"; };
		6EF26C94009F9C55DA47B86F /* Pods_PixaBay.framework */ = {isa = PBXFileReference; explicitFileType = wrapper.framework; includeInIndex = 0; path = Pods_PixaBay.framework; sourceTree = BUILT_PRODUCTS_DIR; };
		A98E2CF5289D582200C1FE9F /* PixaBay.app */ = {isa = PBXFileReference; explicitFileType = wrapper.application; includeInIndex = 0; path = PixaBay.app; sourceTree = BUILT_PRODUCTS_DIR; };
		A98E2CF8289D582200C1FE9F /* AppDelegate.swift */ = {isa = PBXFileReference; lastKnownFileType = sourcecode.swift; path = AppDelegate.swift; sourceTree = "<group>"; };
		A98E2CFA289D582200C1FE9F /* SceneDelegate.swift */ = {isa = PBXFileReference; lastKnownFileType = sourcecode.swift; path = SceneDelegate.swift; sourceTree = "<group>"; };
		A98E2CFC289D582200C1FE9F /* ViewController.swift */ = {isa = PBXFileReference; lastKnownFileType = sourcecode.swift; path = ViewController.swift; sourceTree = "<group>"; };
		A98E2CFF289D582200C1FE9F /* Base */ = {isa = PBXFileReference; lastKnownFileType = file.storyboard; name = Base; path = Base.lproj/Main.storyboard; sourceTree = "<group>"; };
		A98E2D01289D582300C1FE9F /* Assets.xcassets */ = {isa = PBXFileReference; lastKnownFileType = folder.assetcatalog; path = Assets.xcassets; sourceTree = "<group>"; };
		A98E2D04289D582300C1FE9F /* Base */ = {isa = PBXFileReference; lastKnownFileType = file.storyboard; name = Base; path = Base.lproj/LaunchScreen.storyboard; sourceTree = "<group>"; };
		A98E2D06289D582300C1FE9F /* Info.plist */ = {isa = PBXFileReference; lastKnownFileType = text.plist.xml; path = Info.plist; sourceTree = "<group>"; };
		A98E2D0F289D596100C1FE9F /* RegistrationViewController.swift */ = {isa = PBXFileReference; lastKnownFileType = sourcecode.swift; path = RegistrationViewController.swift; sourceTree = "<group>"; };
		A98E2D11289D596B00C1FE9F /* RegistrationViewModel.swift */ = {isa = PBXFileReference; lastKnownFileType = sourcecode.swift; path = RegistrationViewModel.swift; sourceTree = "<group>"; };
		A98E2D15289D5A3400C1FE9F /* AppDIContainer.swift */ = {isa = PBXFileReference; lastKnownFileType = sourcecode.swift; path = AppDIContainer.swift; sourceTree = "<group>"; };
		A98E2D19289D5B7500C1FE9F /* RegistrationUseCase.swift */ = {isa = PBXFileReference; lastKnownFileType = sourcecode.swift; path = RegistrationUseCase.swift; sourceTree = "<group>"; };
		A98E2D1D289D5BDB00C1FE9F /* RegistrationRepository.swift */ = {isa = PBXFileReference; lastKnownFileType = sourcecode.swift; path = RegistrationRepository.swift; sourceTree = "<group>"; };
		A98E2D21289D5C7600C1FE9F /* APIEndpoints.swift */ = {isa = PBXFileReference; lastKnownFileType = sourcecode.swift; path = APIEndpoints.swift; sourceTree = "<group>"; };
		A98E2D24289D5CB300C1FE9F /* DefaultRegistrationRepository.swift */ = {isa = PBXFileReference; lastKnownFileType = sourcecode.swift; path = DefaultRegistrationRepository.swift; sourceTree = "<group>"; };
		A98E2D26289D628C00C1FE9F /* AppFlowCoordinator.swift */ = {isa = PBXFileReference; lastKnownFileType = sourcecode.swift; path = AppFlowCoordinator.swift; sourceTree = "<group>"; };
		A98E2D28289D62EA00C1FE9F /* RegistrationDIContainer.swift */ = {isa = PBXFileReference; lastKnownFileType = sourcecode.swift; path = RegistrationDIContainer.swift; sourceTree = "<group>"; };
		A98E2D2B289D630400C1FE9F /* RegistrationFlowCoordinatorDependencies.swift */ = {isa = PBXFileReference; lastKnownFileType = sourcecode.swift; path = RegistrationFlowCoordinatorDependencies.swift; sourceTree = "<group>"; };
		E29445E4DAB76F4D1205A8E4 /* Pods-PixaBay.release.xcconfig */ = {isa = PBXFileReference; includeInIndex = 1; lastKnownFileType = text.xcconfig; name = "Pods-PixaBay.release.xcconfig"; path = "Target Support Files/Pods-PixaBay/Pods-PixaBay.release.xcconfig"; sourceTree = "<group>"; };
/* End PBXFileReference section */

/* Begin PBXFrameworksBuildPhase section */
		A98E2CF2289D582200C1FE9F /* Frameworks */ = {
			isa = PBXFrameworksBuildPhase;
			buildActionMask = 2147483647;
			files = (
				01F45A8455CA6EF4DAD41CB8 /* Pods_PixaBay.framework in Frameworks */,
			);
			runOnlyForDeploymentPostprocessing = 0;
		};
/* End PBXFrameworksBuildPhase section */

/* Begin PBXGroup section */
		59A1D5B2A6C4B53921F34516 /* Pods */ = {
			isa = PBXGroup;
			children = (
				05625C41B2D4FBD59245D889 /* Pods-PixaBay.debug.xcconfig */,
				E29445E4DAB76F4D1205A8E4 /* Pods-PixaBay.release.xcconfig */,
			);
			path = Pods;
			sourceTree = "<group>";
		};
		A98E2CEC289D582200C1FE9F = {
			isa = PBXGroup;
			children = (
				A98E2CF7289D582200C1FE9F /* PixaBay */,
				A98E2CF6289D582200C1FE9F /* Products */,
				59A1D5B2A6C4B53921F34516 /* Pods */,
				CE8C5F7FC3C1E03D5A586677 /* Frameworks */,
			);
			sourceTree = "<group>";
		};
		A98E2CF6289D582200C1FE9F /* Products */ = {
			isa = PBXGroup;
			children = (
				A98E2CF5289D582200C1FE9F /* PixaBay.app */,
			);
			name = Products;
			sourceTree = "<group>";
		};
		A98E2CF7289D582200C1FE9F /* PixaBay */ = {
			isa = PBXGroup;
			children = (
				A98E2D2D289D63E600C1FE9F /* Utils */,
				A98E2D13289D5A1D00C1FE9F /* Application */,
				A98E2D0C289D589500C1FE9F /* Presentation */,
				A98E2D17289D5B5800C1FE9F /* Domain */,
				A98E2D1F289D5C4200C1FE9F /* Data */,
				A98E2CFC289D582200C1FE9F /* ViewController.swift */,
				A98E2CFE289D582200C1FE9F /* Main.storyboard */,
				A98E2D01289D582300C1FE9F /* Assets.xcassets */,
				A98E2D03289D582300C1FE9F /* LaunchScreen.storyboard */,
				A98E2D06289D582300C1FE9F /* Info.plist */,
			);
			path = PixaBay;
			sourceTree = "<group>";
		};
		A98E2D0C289D589500C1FE9F /* Presentation */ = {
			isa = PBXGroup;
			children = (
				A98E2D0D289D589A00C1FE9F /* Scenes */,
			);
			path = Presentation;
			sourceTree = "<group>";
		};
		A98E2D0D289D589A00C1FE9F /* Scenes */ = {
			isa = PBXGroup;
			children = (
				A98E2D0E289D594B00C1FE9F /* RegistrationScene */,
			);
			path = Scenes;
			sourceTree = "<group>";
		};
		A98E2D0E289D594B00C1FE9F /* RegistrationScene */ = {
			isa = PBXGroup;
			children = (
				A98E2D2A289D62F900C1FE9F /* Flow */,
				A98E2D0F289D596100C1FE9F /* RegistrationViewController.swift */,
				A98E2D11289D596B00C1FE9F /* RegistrationViewModel.swift */,
			);
			path = RegistrationScene;
			sourceTree = "<group>";
		};
		A98E2D13289D5A1D00C1FE9F /* Application */ = {
			isa = PBXGroup;
			children = (
				A98E2CF8289D582200C1FE9F /* AppDelegate.swift */,
				A98E2CFA289D582200C1FE9F /* SceneDelegate.swift */,
				A98E2D26289D628C00C1FE9F /* AppFlowCoordinator.swift */,
				A98E2D14289D5A2900C1FE9F /* DIContainer */,
			);
			path = Application;
			sourceTree = "<group>";
		};
		A98E2D14289D5A2900C1FE9F /* DIContainer */ = {
			isa = PBXGroup;
			children = (
				A98E2D15289D5A3400C1FE9F /* AppDIContainer.swift */,
				A98E2D28289D62EA00C1FE9F /* RegistrationDIContainer.swift */,
			);
			path = DIContainer;
			sourceTree = "<group>";
		};
		A98E2D17289D5B5800C1FE9F /* Domain */ = {
			isa = PBXGroup;
			children = (
				A98E2D18289D5B6900C1FE9F /* UseCases */,
				A98E2D1B289D5B9700C1FE9F /* Interfaces */,
			);
			path = Domain;
			sourceTree = "<group>";
		};
		A98E2D18289D5B6900C1FE9F /* UseCases */ = {
			isa = PBXGroup;
			children = (
				A98E2D19289D5B7500C1FE9F /* RegistrationUseCase.swift */,
			);
			path = UseCases;
			sourceTree = "<group>";
		};
		A98E2D1B289D5B9700C1FE9F /* Interfaces */ = {
			isa = PBXGroup;
			children = (
				A98E2D1C289D5BD300C1FE9F /* Repositories */,
			);
			path = Interfaces;
			sourceTree = "<group>";
		};
		A98E2D1C289D5BD300C1FE9F /* Repositories */ = {
			isa = PBXGroup;
			children = (
				A98E2D1D289D5BDB00C1FE9F /* RegistrationRepository.swift */,
			);
			path = Repositories;
			sourceTree = "<group>";
		};
		A98E2D1F289D5C4200C1FE9F /* Data */ = {
			isa = PBXGroup;
			children = (
				A98E2D20289D5C5600C1FE9F /* Network */,
			);
			path = Data;
			sourceTree = "<group>";
		};
		A98E2D20289D5C5600C1FE9F /* Network */ = {
			isa = PBXGroup;
			children = (
				A98E2D21289D5C7600C1FE9F /* APIEndpoints.swift */,
				A98E2D23289D5C8700C1FE9F /* Repositories */,
			);
			path = Network;
			sourceTree = "<group>";
		};
		A98E2D23289D5C8700C1FE9F /* Repositories */ = {
			isa = PBXGroup;
			children = (
				A98E2D24289D5CB300C1FE9F /* DefaultRegistrationRepository.swift */,
			);
			path = Repositories;
			sourceTree = "<group>";
		};
		A98E2D2A289D62F900C1FE9F /* Flow */ = {
			isa = PBXGroup;
			children = (
				A98E2D2B289D630400C1FE9F /* RegistrationFlowCoordinatorDependencies.swift */,
			);
			path = Flow;
			sourceTree = "<group>";
		};
		A98E2D2D289D63E600C1FE9F /* Utils */ = {
			isa = PBXGroup;
			children = (
			);
			path = Utils;
			sourceTree = "<group>";
		};
		CE8C5F7FC3C1E03D5A586677 /* Frameworks */ = {
			isa = PBXGroup;
			children = (
				6EF26C94009F9C55DA47B86F /* Pods_PixaBay.framework */,
			);
			name = Frameworks;
			sourceTree = "<group>";
		};
/* End PBXGroup section */

/* Begin PBXNativeTarget section */
		A98E2CF4289D582200C1FE9F /* PixaBay */ = {
			isa = PBXNativeTarget;
			buildConfigurationList = A98E2D09289D582300C1FE9F /* Build configuration list for PBXNativeTarget "PixaBay" */;
			buildPhases = (
				7A2A79CCC1171A606AEA0769 /* [CP] Check Pods Manifest.lock */,
				A98E2CF1289D582200C1FE9F /* Sources */,
				A98E2CF2289D582200C1FE9F /* Frameworks */,
				A98E2CF3289D582200C1FE9F /* Resources */,
				1028441E49949AA3BF727DAA /* [CP] Embed Pods Frameworks */,
			);
			buildRules = (
			);
			dependencies = (
			);
			name = PixaBay;
			productName = PixaBay;
			productReference = A98E2CF5289D582200C1FE9F /* PixaBay.app */;
			productType = "com.apple.product-type.application";
		};
/* End PBXNativeTarget section */

/* Begin PBXProject section */
		A98E2CED289D582200C1FE9F /* Project object */ = {
			isa = PBXProject;
			attributes = {
				BuildIndependentTargetsInParallel = 1;
				LastSwiftUpdateCheck = 1340;
				LastUpgradeCheck = 1340;
				TargetAttributes = {
					A98E2CF4289D582200C1FE9F = {
						CreatedOnToolsVersion = 13.4.1;
					};
				};
			};
			buildConfigurationList = A98E2CF0289D582200C1FE9F /* Build configuration list for PBXProject "PixaBay" */;
			compatibilityVersion = "Xcode 13.0";
			developmentRegion = en;
			hasScannedForEncodings = 0;
			knownRegions = (
				en,
				Base,
			);
			mainGroup = A98E2CEC289D582200C1FE9F;
			productRefGroup = A98E2CF6289D582200C1FE9F /* Products */;
			projectDirPath = "";
			projectRoot = "";
			targets = (
				A98E2CF4289D582200C1FE9F /* PixaBay */,
			);
		};
/* End PBXProject section */

/* Begin PBXResourcesBuildPhase section */
		A98E2CF3289D582200C1FE9F /* Resources */ = {
			isa = PBXResourcesBuildPhase;
			buildActionMask = 2147483647;
			files = (
				A98E2D05289D582300C1FE9F /* LaunchScreen.storyboard in Resources */,
				A98E2D02289D582300C1FE9F /* Assets.xcassets in Resources */,
				A98E2D00289D582200C1FE9F /* Main.storyboard in Resources */,
			);
			runOnlyForDeploymentPostprocessing = 0;
		};
/* End PBXResourcesBuildPhase section */

/* Begin PBXShellScriptBuildPhase section */
		1028441E49949AA3BF727DAA /* [CP] Embed Pods Frameworks */ = {
			isa = PBXShellScriptBuildPhase;
			buildActionMask = 2147483647;
			files = (
			);
			inputFileListPaths = (
				"${PODS_ROOT}/Target Support Files/Pods-PixaBay/Pods-PixaBay-frameworks-${CONFIGURATION}-input-files.xcfilelist",
			);
			name = "[CP] Embed Pods Frameworks";
			outputFileListPaths = (
				"${PODS_ROOT}/Target Support Files/Pods-PixaBay/Pods-PixaBay-frameworks-${CONFIGURATION}-output-files.xcfilelist",
			);
			runOnlyForDeploymentPostprocessing = 0;
			shellPath = /bin/sh;
			shellScript = "\"${PODS_ROOT}/Target Support Files/Pods-PixaBay/Pods-PixaBay-frameworks.sh\"\n";
			showEnvVarsInLog = 0;
		};
		7A2A79CCC1171A606AEA0769 /* [CP] Check Pods Manifest.lock */ = {
			isa = PBXShellScriptBuildPhase;
			buildActionMask = 2147483647;
			files = (
			);
			inputFileListPaths = (
			);
			inputPaths = (
				"${PODS_PODFILE_DIR_PATH}/Podfile.lock",
				"${PODS_ROOT}/Manifest.lock",
			);
			name = "[CP] Check Pods Manifest.lock";
			outputFileListPaths = (
			);
			outputPaths = (
				"$(DERIVED_FILE_DIR)/Pods-PixaBay-checkManifestLockResult.txt",
			);
			runOnlyForDeploymentPostprocessing = 0;
			shellPath = /bin/sh;
			shellScript = "diff \"${PODS_PODFILE_DIR_PATH}/Podfile.lock\" \"${PODS_ROOT}/Manifest.lock\" > /dev/null\nif [ $? != 0 ] ; then\n    # print error to STDERR\n    echo \"error: The sandbox is not in sync with the Podfile.lock. Run 'pod install' or update your CocoaPods installation.\" >&2\n    exit 1\nfi\n# This output is used by Xcode 'outputs' to avoid re-running this script phase.\necho \"SUCCESS\" > \"${SCRIPT_OUTPUT_FILE_0}\"\n";
			showEnvVarsInLog = 0;
		};
/* End PBXShellScriptBuildPhase section */

/* Begin PBXSourcesBuildPhase section */
		A98E2CF1289D582200C1FE9F /* Sources */ = {
			isa = PBXSourcesBuildPhase;
			buildActionMask = 2147483647;
			files = (
				A98E2D12289D596B00C1FE9F /* RegistrationViewModel.swift in Sources */,
				A98E2CFD289D582200C1FE9F /* ViewController.swift in Sources */,
				A98E2D1E289D5BDB00C1FE9F /* RegistrationRepository.swift in Sources */,
				A98E2D22289D5C7600C1FE9F /* APIEndpoints.swift in Sources */,
				A98E2D16289D5A3400C1FE9F /* AppDIContainer.swift in Sources */,
				A98E2CF9289D582200C1FE9F /* AppDelegate.swift in Sources */,
				A98E2D1A289D5B7500C1FE9F /* RegistrationUseCase.swift in Sources */,
				A98E2D29289D62EA00C1FE9F /* RegistrationDIContainer.swift in Sources */,
				A98E2D10289D596100C1FE9F /* RegistrationViewController.swift in Sources */,
				A98E2D25289D5CB300C1FE9F /* DefaultRegistrationRepository.swift in Sources */,
				A98E2D27289D628C00C1FE9F /* AppFlowCoordinator.swift in Sources */,
				A98E2D2C289D630400C1FE9F /* RegistrationFlowCoordinatorDependencies.swift in Sources */,
				A98E2CFB289D582200C1FE9F /* SceneDelegate.swift in Sources */,
			);
			runOnlyForDeploymentPostprocessing = 0;
		};
/* End PBXSourcesBuildPhase section */

/* Begin PBXVariantGroup section */
		A98E2CFE289D582200C1FE9F /* Main.storyboard */ = {
			isa = PBXVariantGroup;
			children = (
				A98E2CFF289D582200C1FE9F /* Base */,
			);
			name = Main.storyboard;
			sourceTree = "<group>";
		};
		A98E2D03289D582300C1FE9F /* LaunchScreen.storyboard */ = {
			isa = PBXVariantGroup;
			children = (
				A98E2D04289D582300C1FE9F /* Base */,
			);
			name = LaunchScreen.storyboard;
			sourceTree = "<group>";
		};
/* End PBXVariantGroup section */

/* Begin XCBuildConfiguration section */
		A98E2D07289D582300C1FE9F /* Debug */ = {
			isa = XCBuildConfiguration;
			buildSettings = {
				ALWAYS_SEARCH_USER_PATHS = NO;
				CLANG_ANALYZER_NONNULL = YES;
				CLANG_ANALYZER_NUMBER_OBJECT_CONVERSION = YES_AGGRESSIVE;
				CLANG_CXX_LANGUAGE_STANDARD = "gnu++17";
				CLANG_ENABLE_MODULES = YES;
				CLANG_ENABLE_OBJC_ARC = YES;
				CLANG_ENABLE_OBJC_WEAK = YES;
				CLANG_WARN_BLOCK_CAPTURE_AUTORELEASING = YES;
				CLANG_WARN_BOOL_CONVERSION = YES;
				CLANG_WARN_COMMA = YES;
				CLANG_WARN_CONSTANT_CONVERSION = YES;
				CLANG_WARN_DEPRECATED_OBJC_IMPLEMENTATIONS = YES;
				CLANG_WARN_DIRECT_OBJC_ISA_USAGE = YES_ERROR;
				CLANG_WARN_DOCUMENTATION_COMMENTS = YES;
				CLANG_WARN_EMPTY_BODY = YES;
				CLANG_WARN_ENUM_CONVERSION = YES;
				CLANG_WARN_INFINITE_RECURSION = YES;
				CLANG_WARN_INT_CONVERSION = YES;
				CLANG_WARN_NON_LITERAL_NULL_CONVERSION = YES;
				CLANG_WARN_OBJC_IMPLICIT_RETAIN_SELF = YES;
				CLANG_WARN_OBJC_LITERAL_CONVERSION = YES;
				CLANG_WARN_OBJC_ROOT_CLASS = YES_ERROR;
				CLANG_WARN_QUOTED_INCLUDE_IN_FRAMEWORK_HEADER = YES;
				CLANG_WARN_RANGE_LOOP_ANALYSIS = YES;
				CLANG_WARN_STRICT_PROTOTYPES = YES;
				CLANG_WARN_SUSPICIOUS_MOVE = YES;
				CLANG_WARN_UNGUARDED_AVAILABILITY = YES_AGGRESSIVE;
				CLANG_WARN_UNREACHABLE_CODE = YES;
				CLANG_WARN__DUPLICATE_METHOD_MATCH = YES;
				COPY_PHASE_STRIP = NO;
				DEBUG_INFORMATION_FORMAT = dwarf;
				ENABLE_STRICT_OBJC_MSGSEND = YES;
				ENABLE_TESTABILITY = YES;
				GCC_C_LANGUAGE_STANDARD = gnu11;
				GCC_DYNAMIC_NO_PIC = NO;
				GCC_NO_COMMON_BLOCKS = YES;
				GCC_OPTIMIZATION_LEVEL = 0;
				GCC_PREPROCESSOR_DEFINITIONS = (
					"DEBUG=1",
					"$(inherited)",
				);
				GCC_WARN_64_TO_32_BIT_CONVERSION = YES;
				GCC_WARN_ABOUT_RETURN_TYPE = YES_ERROR;
				GCC_WARN_UNDECLARED_SELECTOR = YES;
				GCC_WARN_UNINITIALIZED_AUTOS = YES_AGGRESSIVE;
				GCC_WARN_UNUSED_FUNCTION = YES;
				GCC_WARN_UNUSED_VARIABLE = YES;
				IPHONEOS_DEPLOYMENT_TARGET = 15.5;
				MTL_ENABLE_DEBUG_INFO = INCLUDE_SOURCE;
				MTL_FAST_MATH = YES;
				ONLY_ACTIVE_ARCH = YES;
				SDKROOT = iphoneos;
				SWIFT_ACTIVE_COMPILATION_CONDITIONS = DEBUG;
				SWIFT_OPTIMIZATION_LEVEL = "-Onone";
			};
			name = Debug;
		};
		A98E2D08289D582300C1FE9F /* Release */ = {
			isa = XCBuildConfiguration;
			buildSettings = {
				ALWAYS_SEARCH_USER_PATHS = NO;
				CLANG_ANALYZER_NONNULL = YES;
				CLANG_ANALYZER_NUMBER_OBJECT_CONVERSION = YES_AGGRESSIVE;
				CLANG_CXX_LANGUAGE_STANDARD = "gnu++17";
				CLANG_ENABLE_MODULES = YES;
				CLANG_ENABLE_OBJC_ARC = YES;
				CLANG_ENABLE_OBJC_WEAK = YES;
				CLANG_WARN_BLOCK_CAPTURE_AUTORELEASING = YES;
				CLANG_WARN_BOOL_CONVERSION = YES;
				CLANG_WARN_COMMA = YES;
				CLANG_WARN_CONSTANT_CONVERSION = YES;
				CLANG_WARN_DEPRECATED_OBJC_IMPLEMENTATIONS = YES;
				CLANG_WARN_DIRECT_OBJC_ISA_USAGE = YES_ERROR;
				CLANG_WARN_DOCUMENTATION_COMMENTS = YES;
				CLANG_WARN_EMPTY_BODY = YES;
				CLANG_WARN_ENUM_CONVERSION = YES;
				CLANG_WARN_INFINITE_RECURSION = YES;
				CLANG_WARN_INT_CONVERSION = YES;
				CLANG_WARN_NON_LITERAL_NULL_CONVERSION = YES;
				CLANG_WARN_OBJC_IMPLICIT_RETAIN_SELF = YES;
				CLANG_WARN_OBJC_LITERAL_CONVERSION = YES;
				CLANG_WARN_OBJC_ROOT_CLASS = YES_ERROR;
				CLANG_WARN_QUOTED_INCLUDE_IN_FRAMEWORK_HEADER = YES;
				CLANG_WARN_RANGE_LOOP_ANALYSIS = YES;
				CLANG_WARN_STRICT_PROTOTYPES = YES;
				CLANG_WARN_SUSPICIOUS_MOVE = YES;
				CLANG_WARN_UNGUARDED_AVAILABILITY = YES_AGGRESSIVE;
				CLANG_WARN_UNREACHABLE_CODE = YES;
				CLANG_WARN__DUPLICATE_METHOD_MATCH = YES;
				COPY_PHASE_STRIP = NO;
				DEBUG_INFORMATION_FORMAT = "dwarf-with-dsym";
				ENABLE_NS_ASSERTIONS = NO;
				ENABLE_STRICT_OBJC_MSGSEND = YES;
				GCC_C_LANGUAGE_STANDARD = gnu11;
				GCC_NO_COMMON_BLOCKS = YES;
				GCC_WARN_64_TO_32_BIT_CONVERSION = YES;
				GCC_WARN_ABOUT_RETURN_TYPE = YES_ERROR;
				GCC_WARN_UNDECLARED_SELECTOR = YES;
				GCC_WARN_UNINITIALIZED_AUTOS = YES_AGGRESSIVE;
				GCC_WARN_UNUSED_FUNCTION = YES;
				GCC_WARN_UNUSED_VARIABLE = YES;
				IPHONEOS_DEPLOYMENT_TARGET = 15.5;
				MTL_ENABLE_DEBUG_INFO = NO;
				MTL_FAST_MATH = YES;
				SDKROOT = iphoneos;
				SWIFT_COMPILATION_MODE = wholemodule;
				SWIFT_OPTIMIZATION_LEVEL = "-O";
				VALIDATE_PRODUCT = YES;
			};
			name = Release;
		};
		A98E2D0A289D582300C1FE9F /* Debug */ = {
			isa = XCBuildConfiguration;
			baseConfigurationReference = 05625C41B2D4FBD59245D889 /* Pods-PixaBay.debug.xcconfig */;
			buildSettings = {
				ASSETCATALOG_COMPILER_APPICON_NAME = AppIcon;
				ASSETCATALOG_COMPILER_GLOBAL_ACCENT_COLOR_NAME = AccentColor;
				CODE_SIGN_STYLE = Automatic;
				CURRENT_PROJECT_VERSION = 1;
				DEVELOPMENT_TEAM = YC9A76K73N;
				GENERATE_INFOPLIST_FILE = YES;
				INFOPLIST_FILE = PixaBay/Info.plist;
				INFOPLIST_KEY_UIApplicationSupportsIndirectInputEvents = YES;
				INFOPLIST_KEY_UILaunchStoryboardName = LaunchScreen;
				INFOPLIST_KEY_UIMainStoryboardFile = Main;
				INFOPLIST_KEY_UISupportedInterfaceOrientations_iPad = "UIInterfaceOrientationPortrait UIInterfaceOrientationPortraitUpsideDown UIInterfaceOrientationLandscapeLeft UIInterfaceOrientationLandscapeRight";
				INFOPLIST_KEY_UISupportedInterfaceOrientations_iPhone = "UIInterfaceOrientationPortrait UIInterfaceOrientationLandscapeLeft UIInterfaceOrientationLandscapeRight";
				LD_RUNPATH_SEARCH_PATHS = (
					"$(inherited)",
					"@executable_path/Frameworks",
				);
				MARKETING_VERSION = 1.0;
				PRODUCT_BUNDLE_IDENTIFIER = com.PixaBay;
				PRODUCT_NAME = "$(TARGET_NAME)";
				SWIFT_EMIT_LOC_STRINGS = YES;
				SWIFT_VERSION = 5.0;
				TARGETED_DEVICE_FAMILY = "1,2";
			};
			name = Debug;
		};
		A98E2D0B289D582300C1FE9F /* Release */ = {
			isa = XCBuildConfiguration;
			baseConfigurationReference = E29445E4DAB76F4D1205A8E4 /* Pods-PixaBay.release.xcconfig */;
			buildSettings = {
				ASSETCATALOG_COMPILER_APPICON_NAME = AppIcon;
				ASSETCATALOG_COMPILER_GLOBAL_ACCENT_COLOR_NAME = AccentColor;
				CODE_SIGN_STYLE = Automatic;
				CURRENT_PROJECT_VERSION = 1;
				DEVELOPMENT_TEAM = YC9A76K73N;
				GENERATE_INFOPLIST_FILE = YES;
				INFOPLIST_FILE = PixaBay/Info.plist;
				INFOPLIST_KEY_UIApplicationSupportsIndirectInputEvents = YES;
				INFOPLIST_KEY_UILaunchStoryboardName = LaunchScreen;
				INFOPLIST_KEY_UIMainStoryboardFile = Main;
				INFOPLIST_KEY_UISupportedInterfaceOrientations_iPad = "UIInterfaceOrientationPortrait UIInterfaceOrientationPortraitUpsideDown UIInterfaceOrientationLandscapeLeft UIInterfaceOrientationLandscapeRight";
				INFOPLIST_KEY_UISupportedInterfaceOrientations_iPhone = "UIInterfaceOrientationPortrait UIInterfaceOrientationLandscapeLeft UIInterfaceOrientationLandscapeRight";
				LD_RUNPATH_SEARCH_PATHS = (
					"$(inherited)",
					"@executable_path/Frameworks",
				);
				MARKETING_VERSION = 1.0;
				PRODUCT_BUNDLE_IDENTIFIER = com.PixaBay;
				PRODUCT_NAME = "$(TARGET_NAME)";
				SWIFT_EMIT_LOC_STRINGS = YES;
				SWIFT_VERSION = 5.0;
				TARGETED_DEVICE_FAMILY = "1,2";
			};
			name = Release;
		};
/* End XCBuildConfiguration section */

/* Begin XCConfigurationList section */
		A98E2CF0289D582200C1FE9F /* Build configuration list for PBXProject "PixaBay" */ = {
			isa = XCConfigurationList;
			buildConfigurations = (
				A98E2D07289D582300C1FE9F /* Debug */,
				A98E2D08289D582300C1FE9F /* Release */,
			);
			defaultConfigurationIsVisible = 0;
			defaultConfigurationName = Release;
		};
		A98E2D09289D582300C1FE9F /* Build configuration list for PBXNativeTarget "PixaBay" */ = {
			isa = XCConfigurationList;
			buildConfigurations = (
				A98E2D0A289D582300C1FE9F /* Debug */,
				A98E2D0B289D582300C1FE9F /* Release */,
			);
			defaultConfigurationIsVisible = 0;
			defaultConfigurationName = Release;
		};
/* End XCConfigurationList section */
	};
	rootObject = A98E2CED289D582200C1FE9F /* Project object */;
}
